// !$*UTF8*$!
{
	archiveVersion = 1;
	classes = {
	};
	objectVersion = 50;
	objects = {

/* Begin PBXBuildFile section */
		FB244DAB260B8B6E00044A22 /* MainView.swift in Sources */ = {isa = PBXBuildFile; fileRef = FB244DAA260B8B6E00044A22 /* MainView.swift */; };
		FB244DB3260BAEC300044A22 /* SoundsView.swift in Sources */ = {isa = PBXBuildFile; fileRef = FB244DB2260BAEC300044A22 /* SoundsView.swift */; };
		FB244DBB260BC38700044A22 /* SoundView.swift in Sources */ = {isa = PBXBuildFile; fileRef = FB244DBA260BC38700044A22 /* SoundView.swift */; };
		FB244DC3260BE58600044A22 /* ProfileView.swift in Sources */ = {isa = PBXBuildFile; fileRef = FB244DC2260BE58600044A22 /* ProfileView.swift */; };
		FBC9AF8F260513F0008E3231 /* meditation_aplicationApp.swift in Sources */ = {isa = PBXBuildFile; fileRef = FBC9AF8E260513F0008E3231 /* meditation_aplicationApp.swift */; };
		FBC9AF91260513F0008E3231 /* ContentView.swift in Sources */ = {isa = PBXBuildFile; fileRef = FBC9AF90260513F0008E3231 /* ContentView.swift */; };
		FBC9AF93260513F5008E3231 /* Assets.xcassets in Resources */ = {isa = PBXBuildFile; fileRef = FBC9AF92260513F5008E3231 /* Assets.xcassets */; };
		FBC9AFA1260513F6008E3231 /* meditation_aplicationTests.swift in Sources */ = {isa = PBXBuildFile; fileRef = FBC9AFA0260513F6008E3231 /* meditation_aplicationTests.swift */; };
		FBC9AFAC260513F6008E3231 /* meditation_aplicationUITests.swift in Sources */ = {isa = PBXBuildFile; fileRef = FBC9AFAB260513F6008E3231 /* meditation_aplicationUITests.swift */; };
		FBC9AFCD2605637E008E3231 /* AlegreyaSans-BlackItalic.ttf in Resources */ = {isa = PBXBuildFile; fileRef = FBC9AFBE2605637C008E3231 /* AlegreyaSans-BlackItalic.ttf */; };
		FBC9AFCE2605637E008E3231 /* AlegreyaSans-Medium.ttf in Resources */ = {isa = PBXBuildFile; fileRef = FBC9AFBF2605637C008E3231 /* AlegreyaSans-Medium.ttf */; };
		FBC9AFCF2605637E008E3231 /* AlegreyaSans-ExtraBoldItalic.ttf in Resources */ = {isa = PBXBuildFile; fileRef = FBC9AFC02605637C008E3231 /* AlegreyaSans-ExtraBoldItalic.ttf */; };
		FBC9AFD02605637E008E3231 /* AlegreyaSans-ThinItalic.ttf in Resources */ = {isa = PBXBuildFile; fileRef = FBC9AFC12605637C008E3231 /* AlegreyaSans-ThinItalic.ttf */; };
		FBC9AFD12605637E008E3231 /* AlegreyaSans-BoldItalic.ttf in Resources */ = {isa = PBXBuildFile; fileRef = FBC9AFC22605637C008E3231 /* AlegreyaSans-BoldItalic.ttf */; };
		FBC9AFD22605637E008E3231 /* AlegreyaSans-Light.ttf in Resources */ = {isa = PBXBuildFile; fileRef = FBC9AFC32605637C008E3231 /* AlegreyaSans-Light.ttf */; };
		FBC9AFD32605637E008E3231 /* AlegreyaSans-LightItalic.ttf in Resources */ = {isa = PBXBuildFile; fileRef = FBC9AFC42605637C008E3231 /* AlegreyaSans-LightItalic.ttf */; };
		FBC9AFD42605637E008E3231 /* AlegreyaSans-Regular.ttf in Resources */ = {isa = PBXBuildFile; fileRef = FBC9AFC52605637C008E3231 /* AlegreyaSans-Regular.ttf */; };
		FBC9AFD52605637E008E3231 /* AlegreyaSans-Black.ttf in Resources */ = {isa = PBXBuildFile; fileRef = FBC9AFC62605637C008E3231 /* AlegreyaSans-Black.ttf */; };
		FBC9AFD62605637E008E3231 /* AlegreyaSans-Italic.ttf in Resources */ = {isa = PBXBuildFile; fileRef = FBC9AFC72605637C008E3231 /* AlegreyaSans-Italic.ttf */; };
		FBC9AFD82605637E008E3231 /* AlegreyaSans-ExtraBold.ttf in Resources */ = {isa = PBXBuildFile; fileRef = FBC9AFC92605637C008E3231 /* AlegreyaSans-ExtraBold.ttf */; };
		FBC9AFD92605637E008E3231 /* AlegreyaSans-Bold.ttf in Resources */ = {isa = PBXBuildFile; fileRef = FBC9AFCA2605637C008E3231 /* AlegreyaSans-Bold.ttf */; };
		FBC9AFDA2605637E008E3231 /* AlegreyaSans-Thin.ttf in Resources */ = {isa = PBXBuildFile; fileRef = FBC9AFCB2605637C008E3231 /* AlegreyaSans-Thin.ttf */; };
		FBC9AFDB2605637E008E3231 /* AlegreyaSans-MediumItalic.ttf in Resources */ = {isa = PBXBuildFile; fileRef = FBC9AFCC2605637C008E3231 /* AlegreyaSans-MediumItalic.ttf */; };
		FBC9AFF226056B99008E3231 /* Alegreya-Italic.ttf in Resources */ = {isa = PBXBuildFile; fileRef = FBC9AFE226056B98008E3231 /* Alegreya-Italic.ttf */; };
		FBC9AFF326056B99008E3231 /* Alegreya-ExtraBold.ttf in Resources */ = {isa = PBXBuildFile; fileRef = FBC9AFE326056B98008E3231 /* Alegreya-ExtraBold.ttf */; };
		FBC9AFF426056B99008E3231 /* Alegreya-SemiBold.ttf in Resources */ = {isa = PBXBuildFile; fileRef = FBC9AFE426056B98008E3231 /* Alegreya-SemiBold.ttf */; };
		FBC9AFF526056B99008E3231 /* Alegreya-MediumItalic.ttf in Resources */ = {isa = PBXBuildFile; fileRef = FBC9AFE526056B98008E3231 /* Alegreya-MediumItalic.ttf */; };
		FBC9AFF626056B99008E3231 /* Alegreya-ExtraBoldItalic.ttf in Resources */ = {isa = PBXBuildFile; fileRef = FBC9AFE626056B98008E3231 /* Alegreya-ExtraBoldItalic.ttf */; };
		FBC9AFF726056B99008E3231 /* Alegreya-Bold.ttf in Resources */ = {isa = PBXBuildFile; fileRef = FBC9AFE726056B98008E3231 /* Alegreya-Bold.ttf */; };
		FBC9AFF826056B99008E3231 /* Alegreya-BlackItalic.ttf in Resources */ = {isa = PBXBuildFile; fileRef = FBC9AFE826056B98008E3231 /* Alegreya-BlackItalic.ttf */; };
		FBC9AFF926056B99008E3231 /* Alegreya-BoldItalic.ttf in Resources */ = {isa = PBXBuildFile; fileRef = FBC9AFE926056B98008E3231 /* Alegreya-BoldItalic.ttf */; };
		FBC9AFFA26056B99008E3231 /* Alegreya-Black.ttf in Resources */ = {isa = PBXBuildFile; fileRef = FBC9AFEA26056B98008E3231 /* Alegreya-Black.ttf */; };
		FBC9AFFB26056B99008E3231 /* Alegreya-Regular.ttf in Resources */ = {isa = PBXBuildFile; fileRef = FBC9AFEB26056B98008E3231 /* Alegreya-Regular.ttf */; };
		FBC9AFFC26056B99008E3231 /* Alegreya-SemiBoldItalic.ttf in Resources */ = {isa = PBXBuildFile; fileRef = FBC9AFEC26056B98008E3231 /* Alegreya-SemiBoldItalic.ttf */; };
		FBC9AFFD26056B99008E3231 /* Alegreya-Medium.ttf in Resources */ = {isa = PBXBuildFile; fileRef = FBC9AFED26056B98008E3231 /* Alegreya-Medium.ttf */; };
		FBC9B0142608F01E008E3231 /* OnboardingView.swift in Sources */ = {isa = PBXBuildFile; fileRef = FBC9B0132608F01D008E3231 /* OnboardingView.swift */; };
		FBC9B01F260907B4008E3231 /* LoginView.swift in Sources */ = {isa = PBXBuildFile; fileRef = FBC9B01E260907B3008E3231 /* LoginView.swift */; };
		FBC9B03126093119008E3231 /* SignUpView.swift in Sources */ = {isa = PBXBuildFile; fileRef = FBC9B03026093119008E3231 /* SignUpView.swift */; };
/* End PBXBuildFile section */

/* Begin PBXContainerItemProxy section */
		FBC9AF9D260513F5008E3231 /* PBXContainerItemProxy */ = {
			isa = PBXContainerItemProxy;
			containerPortal = FBC9AF83260513F0008E3231 /* Project object */;
			proxyType = 1;
			remoteGlobalIDString = FBC9AF8A260513F0008E3231;
			remoteInfo = "meditation-aplication";
		};
		FBC9AFA8260513F6008E3231 /* PBXContainerItemProxy */ = {
			isa = PBXContainerItemProxy;
			containerPortal = FBC9AF83260513F0008E3231 /* Project object */;
			proxyType = 1;
			remoteGlobalIDString = FBC9AF8A260513F0008E3231;
			remoteInfo = "meditation-aplication";
		};
/* End PBXContainerItemProxy section */

/* Begin PBXFileReference section */
		FB244DAA260B8B6E00044A22 /* MainView.swift */ = {isa = PBXFileReference; lastKnownFileType = sourcecode.swift; path = MainView.swift; sourceTree = "<group>"; };
		FB244DB2260BAEC300044A22 /* SoundsView.swift */ = {isa = PBXFileReference; lastKnownFileType = sourcecode.swift; path = SoundsView.swift; sourceTree = "<group>"; };
		FB244DBA260BC38700044A22 /* SoundView.swift */ = {isa = PBXFileReference; lastKnownFileType = sourcecode.swift; path = SoundView.swift; sourceTree = "<group>"; };
		FB244DC2260BE58600044A22 /* ProfileView.swift */ = {isa = PBXFileReference; lastKnownFileType = sourcecode.swift; path = ProfileView.swift; sourceTree = "<group>"; };
		FBC9AF8B260513F0008E3231 /* meditation-aplication.app */ = {isa = PBXFileReference; explicitFileType = wrapper.application; includeInIndex = 0; path = "meditation-aplication.app"; sourceTree = BUILT_PRODUCTS_DIR; };
		FBC9AF8E260513F0008E3231 /* meditation_aplicationApp.swift */ = {isa = PBXFileReference; lastKnownFileType = sourcecode.swift; path = meditation_aplicationApp.swift; sourceTree = "<group>"; };
		FBC9AF90260513F0008E3231 /* ContentView.swift */ = {isa = PBXFileReference; lastKnownFileType = sourcecode.swift; path = ContentView.swift; sourceTree = "<group>"; };
		FBC9AF92260513F5008E3231 /* Assets.xcassets */ = {isa = PBXFileReference; lastKnownFileType = folder.assetcatalog; path = Assets.xcassets; sourceTree = "<group>"; };
		FBC9AF97260513F5008E3231 /* Info.plist */ = {isa = PBXFileReference; lastKnownFileType = text.plist.xml; path = Info.plist; sourceTree = "<group>"; };
		FBC9AF9C260513F5008E3231 /* meditation-aplicationTests.xctest */ = {isa = PBXFileReference; explicitFileType = wrapper.cfbundle; includeInIndex = 0; path = "meditation-aplicationTests.xctest"; sourceTree = BUILT_PRODUCTS_DIR; };
		FBC9AFA0260513F6008E3231 /* meditation_aplicationTests.swift */ = {isa = PBXFileReference; lastKnownFileType = sourcecode.swift; path = meditation_aplicationTests.swift; sourceTree = "<group>"; };
		FBC9AFA2260513F6008E3231 /* Info.plist */ = {isa = PBXFileReference; lastKnownFileType = text.plist.xml; path = Info.plist; sourceTree = "<group>"; };
		FBC9AFA7260513F6008E3231 /* meditation-aplicationUITests.xctest */ = {isa = PBXFileReference; explicitFileType = wrapper.cfbundle; includeInIndex = 0; path = "meditation-aplicationUITests.xctest"; sourceTree = BUILT_PRODUCTS_DIR; };
		FBC9AFAB260513F6008E3231 /* meditation_aplicationUITests.swift */ = {isa = PBXFileReference; lastKnownFileType = sourcecode.swift; path = meditation_aplicationUITests.swift; sourceTree = "<group>"; };
		FBC9AFAD260513F6008E3231 /* Info.plist */ = {isa = PBXFileReference; lastKnownFileType = text.plist.xml; path = Info.plist; sourceTree = "<group>"; };
		FBC9AFBE2605637C008E3231 /* AlegreyaSans-BlackItalic.ttf */ = {isa = PBXFileReference; lastKnownFileType = file; path = "AlegreyaSans-BlackItalic.ttf"; sourceTree = "<group>"; };
		FBC9AFBF2605637C008E3231 /* AlegreyaSans-Medium.ttf */ = {isa = PBXFileReference; lastKnownFileType = file; path = "AlegreyaSans-Medium.ttf"; sourceTree = "<group>"; };
		FBC9AFC02605637C008E3231 /* AlegreyaSans-ExtraBoldItalic.ttf */ = {isa = PBXFileReference; lastKnownFileType = file; path = "AlegreyaSans-ExtraBoldItalic.ttf"; sourceTree = "<group>"; };
		FBC9AFC12605637C008E3231 /* AlegreyaSans-ThinItalic.ttf */ = {isa = PBXFileReference; lastKnownFileType = file; path = "AlegreyaSans-ThinItalic.ttf"; sourceTree = "<group>"; };
		FBC9AFC22605637C008E3231 /* AlegreyaSans-BoldItalic.ttf */ = {isa = PBXFileReference; lastKnownFileType = file; path = "AlegreyaSans-BoldItalic.ttf"; sourceTree = "<group>"; };
		FBC9AFC32605637C008E3231 /* AlegreyaSans-Light.ttf */ = {isa = PBXFileReference; lastKnownFileType = file; path = "AlegreyaSans-Light.ttf"; sourceTree = "<group>"; };
		FBC9AFC42605637C008E3231 /* AlegreyaSans-LightItalic.ttf */ = {isa = PBXFileReference; lastKnownFileType = file; path = "AlegreyaSans-LightItalic.ttf"; sourceTree = "<group>"; };
		FBC9AFC52605637C008E3231 /* AlegreyaSans-Regular.ttf */ = {isa = PBXFileReference; lastKnownFileType = file; path = "AlegreyaSans-Regular.ttf"; sourceTree = "<group>"; };
		FBC9AFC62605637C008E3231 /* AlegreyaSans-Black.ttf */ = {isa = PBXFileReference; lastKnownFileType = file; path = "AlegreyaSans-Black.ttf"; sourceTree = "<group>"; };
		FBC9AFC72605637C008E3231 /* AlegreyaSans-Italic.ttf */ = {isa = PBXFileReference; lastKnownFileType = file; path = "AlegreyaSans-Italic.ttf"; sourceTree = "<group>"; };
		FBC9AFC92605637C008E3231 /* AlegreyaSans-ExtraBold.ttf */ = {isa = PBXFileReference; lastKnownFileType = file; path = "AlegreyaSans-ExtraBold.ttf"; sourceTree = "<group>"; };
		FBC9AFCA2605637C008E3231 /* AlegreyaSans-Bold.ttf */ = {isa = PBXFileReference; lastKnownFileType = file; path = "AlegreyaSans-Bold.ttf"; sourceTree = "<group>"; };
		FBC9AFCB2605637C008E3231 /* AlegreyaSans-Thin.ttf */ = {isa = PBXFileReference; lastKnownFileType = file; path = "AlegreyaSans-Thin.ttf"; sourceTree = "<group>"; };
		FBC9AFCC2605637C008E3231 /* AlegreyaSans-MediumItalic.ttf */ = {isa = PBXFileReference; lastKnownFileType = file; path = "AlegreyaSans-MediumItalic.ttf"; sourceTree = "<group>"; };
		FBC9AFE226056B98008E3231 /* Alegreya-Italic.ttf */ = {isa = PBXFileReference; lastKnownFileType = file; path = "Alegreya-Italic.ttf"; sourceTree = "<group>"; };
		FBC9AFE326056B98008E3231 /* Alegreya-ExtraBold.ttf */ = {isa = PBXFileReference; lastKnownFileType = file; path = "Alegreya-ExtraBold.ttf"; sourceTree = "<group>"; };
		FBC9AFE426056B98008E3231 /* Alegreya-SemiBold.ttf */ = {isa = PBXFileReference; lastKnownFileType = file; path = "Alegreya-SemiBold.ttf"; sourceTree = "<group>"; };
		FBC9AFE526056B98008E3231 /* Alegreya-MediumItalic.ttf */ = {isa = PBXFileReference; lastKnownFileType = file; path = "Alegreya-MediumItalic.ttf"; sourceTree = "<group>"; };
		FBC9AFE626056B98008E3231 /* Alegreya-ExtraBoldItalic.ttf */ = {isa = PBXFileReference; lastKnownFileType = file; path = "Alegreya-ExtraBoldItalic.ttf"; sourceTree = "<group>"; };
		FBC9AFE726056B98008E3231 /* Alegreya-Bold.ttf */ = {isa = PBXFileReference; lastKnownFileType = file; path = "Alegreya-Bold.ttf"; sourceTree = "<group>"; };
		FBC9AFE826056B98008E3231 /* Alegreya-BlackItalic.ttf */ = {isa = PBXFileReference; lastKnownFileType = file; path = "Alegreya-BlackItalic.ttf"; sourceTree = "<group>"; };
		FBC9AFE926056B98008E3231 /* Alegreya-BoldItalic.ttf */ = {isa = PBXFileReference; lastKnownFileType = file; path = "Alegreya-BoldItalic.ttf"; sourceTree = "<group>"; };
		FBC9AFEA26056B98008E3231 /* Alegreya-Black.ttf */ = {isa = PBXFileReference; lastKnownFileType = file; path = "Alegreya-Black.ttf"; sourceTree = "<group>"; };
		FBC9AFEB26056B98008E3231 /* Alegreya-Regular.ttf */ = {isa = PBXFileReference; lastKnownFileType = file; path = "Alegreya-Regular.ttf"; sourceTree = "<group>"; };
		FBC9AFEC26056B98008E3231 /* Alegreya-SemiBoldItalic.ttf */ = {isa = PBXFileReference; lastKnownFileType = file; path = "Alegreya-SemiBoldItalic.ttf"; sourceTree = "<group>"; };
		FBC9AFED26056B98008E3231 /* Alegreya-Medium.ttf */ = {isa = PBXFileReference; lastKnownFileType = file; path = "Alegreya-Medium.ttf"; sourceTree = "<group>"; };
		FBC9B0132608F01D008E3231 /* OnboardingView.swift */ = {isa = PBXFileReference; lastKnownFileType = sourcecode.swift; path = OnboardingView.swift; sourceTree = "<group>"; };
		FBC9B01E260907B3008E3231 /* LoginView.swift */ = {isa = PBXFileReference; lastKnownFileType = sourcecode.swift; path = LoginView.swift; sourceTree = "<group>"; };
		FBC9B03026093119008E3231 /* SignUpView.swift */ = {isa = PBXFileReference; lastKnownFileType = sourcecode.swift; path = SignUpView.swift; sourceTree = "<group>"; };
/* End PBXFileReference section */

/* Begin PBXFrameworksBuildPhase section */
		FBC9AF88260513F0008E3231 /* Frameworks */ = {
			isa = PBXFrameworksBuildPhase;
			buildActionMask = 2147483647;
			files = (
			);
			runOnlyForDeploymentPostprocessing = 0;
		};
		FBC9AF99260513F5008E3231 /* Frameworks */ = {
			isa = PBXFrameworksBuildPhase;
			buildActionMask = 2147483647;
			files = (
			);
			runOnlyForDeploymentPostprocessing = 0;
		};
		FBC9AFA4260513F6008E3231 /* Frameworks */ = {
			isa = PBXFrameworksBuildPhase;
			buildActionMask = 2147483647;
			files = (
			);
			runOnlyForDeploymentPostprocessing = 0;
		};
/* End PBXFrameworksBuildPhase section */

/* Begin PBXGroup section */
		FBC9AF82260513F0008E3231 = {
			isa = PBXGroup;
			children = (
				FBC9AFBC26056328008E3231 /* Fuentes */,
				FBC9AF8D260513F0008E3231 /* meditation-aplication */,
				FBC9AF9F260513F6008E3231 /* meditation-aplicationTests */,
				FBC9AFAA260513F6008E3231 /* meditation-aplicationUITests */,
				FBC9AF8C260513F0008E3231 /* Products */,
			);
			sourceTree = "<group>";
		};
		FBC9AF8C260513F0008E3231 /* Products */ = {
			isa = PBXGroup;
			children = (
				FBC9AF8B260513F0008E3231 /* meditation-aplication.app */,
				FBC9AF9C260513F5008E3231 /* meditation-aplicationTests.xctest */,
				FBC9AFA7260513F6008E3231 /* meditation-aplicationUITests.xctest */,
			);
			name = Products;
			sourceTree = "<group>";
		};
		FBC9AF8D260513F0008E3231 /* meditation-aplication */ = {
			isa = PBXGroup;
			children = (
				FBC9B02926090B44008E3231 /* Preview Content */,
				FB244DC2260BE58600044A22 /* ProfileView.swift */,
				FB244DBA260BC38700044A22 /* SoundView.swift */,
				FB244DB2260BAEC300044A22 /* SoundsView.swift */,
				FB244DAA260B8B6E00044A22 /* MainView.swift */,
				FBC9B0132608F01D008E3231 /* OnboardingView.swift */,
				FBC9B03026093119008E3231 /* SignUpView.swift */,
				FBC9B01E260907B3008E3231 /* LoginView.swift */,
				FBC9AF8E260513F0008E3231 /* meditation_aplicationApp.swift */,
				FBC9AF90260513F0008E3231 /* ContentView.swift */,
				FBC9AF92260513F5008E3231 /* Assets.xcassets */,
				FBC9AF97260513F5008E3231 /* Info.plist */,
			);
			path = "meditation-aplication";
			sourceTree = "<group>";
		};
		FBC9AF9F260513F6008E3231 /* meditation-aplicationTests */ = {
			isa = PBXGroup;
			children = (
				FBC9AFA0260513F6008E3231 /* meditation_aplicationTests.swift */,
				FBC9AFA2260513F6008E3231 /* Info.plist */,
			);
			path = "meditation-aplicationTests";
			sourceTree = "<group>";
		};
		FBC9AFAA260513F6008E3231 /* meditation-aplicationUITests */ = {
			isa = PBXGroup;
			children = (
				FBC9AFAB260513F6008E3231 /* meditation_aplicationUITests.swift */,
				FBC9AFAD260513F6008E3231 /* Info.plist */,
			);
			path = "meditation-aplicationUITests";
			sourceTree = "<group>";
		};
		FBC9AFBC26056328008E3231 /* Fuentes */ = {
			isa = PBXGroup;
			children = (
				FBC9AFDF26056B98008E3231 /* Alegreya */,
				FBC9AFBD2605637C008E3231 /* Alegreya_Sans */,
			);
			path = Fuentes;
			sourceTree = "<group>";
		};
		FBC9AFBD2605637C008E3231 /* Alegreya_Sans */ = {
			isa = PBXGroup;
			children = (
				FBC9AFBE2605637C008E3231 /* AlegreyaSans-BlackItalic.ttf */,
				FBC9AFBF2605637C008E3231 /* AlegreyaSans-Medium.ttf */,
				FBC9AFC02605637C008E3231 /* AlegreyaSans-ExtraBoldItalic.ttf */,
				FBC9AFC12605637C008E3231 /* AlegreyaSans-ThinItalic.ttf */,
				FBC9AFC22605637C008E3231 /* AlegreyaSans-BoldItalic.ttf */,
				FBC9AFC32605637C008E3231 /* AlegreyaSans-Light.ttf */,
				FBC9AFC42605637C008E3231 /* AlegreyaSans-LightItalic.ttf */,
				FBC9AFC52605637C008E3231 /* AlegreyaSans-Regular.ttf */,
				FBC9AFC62605637C008E3231 /* AlegreyaSans-Black.ttf */,
				FBC9AFC72605637C008E3231 /* AlegreyaSans-Italic.ttf */,
				FBC9AFC92605637C008E3231 /* AlegreyaSans-ExtraBold.ttf */,
				FBC9AFCA2605637C008E3231 /* AlegreyaSans-Bold.ttf */,
				FBC9AFCB2605637C008E3231 /* AlegreyaSans-Thin.ttf */,
				FBC9AFCC2605637C008E3231 /* AlegreyaSans-MediumItalic.ttf */,
			);
			path = Alegreya_Sans;
			sourceTree = "<group>";
		};
		FBC9AFDF26056B98008E3231 /* Alegreya */ = {
			isa = PBXGroup;
			children = (
				FBC9AFE626056B98008E3231 /* Alegreya-ExtraBoldItalic.ttf */,
				FBC9AFE726056B98008E3231 /* Alegreya-Bold.ttf */,
				FBC9AFE826056B98008E3231 /* Alegreya-BlackItalic.ttf */,
				FBC9AFE926056B98008E3231 /* Alegreya-BoldItalic.ttf */,
				FBC9AFEA26056B98008E3231 /* Alegreya-Black.ttf */,
				FBC9AFEB26056B98008E3231 /* Alegreya-Regular.ttf */,
				FBC9AFEC26056B98008E3231 /* Alegreya-SemiBoldItalic.ttf */,
				FBC9AFED26056B98008E3231 /* Alegreya-Medium.ttf */,
				FBC9AFE226056B98008E3231 /* Alegreya-Italic.ttf */,
				FBC9AFE326056B98008E3231 /* Alegreya-ExtraBold.ttf */,
				FBC9AFE426056B98008E3231 /* Alegreya-SemiBold.ttf */,
				FBC9AFE526056B98008E3231 /* Alegreya-MediumItalic.ttf */,
			);
			path = Alegreya;
			sourceTree = "<group>";
		};
		FBC9B02926090B44008E3231 /* Preview Content */ = {
			isa = PBXGroup;
			children = (
			);
			path = "Preview Content";
			sourceTree = "<group>";
		};
/* End PBXGroup section */

/* Begin PBXNativeTarget section */
		FBC9AF8A260513F0008E3231 /* meditation-aplication */ = {
			isa = PBXNativeTarget;
			buildConfigurationList = FBC9AFB0260513F6008E3231 /* Build configuration list for PBXNativeTarget "meditation-aplication" */;
			buildPhases = (
				FBC9AF87260513F0008E3231 /* Sources */,
				FBC9AF88260513F0008E3231 /* Frameworks */,
				FBC9AF89260513F0008E3231 /* Resources */,
			);
			buildRules = (
			);
			dependencies = (
			);
			name = "meditation-aplication";
			productName = "meditation-aplication";
			productReference = FBC9AF8B260513F0008E3231 /* meditation-aplication.app */;
			productType = "com.apple.product-type.application";
		};
		FBC9AF9B260513F5008E3231 /* meditation-aplicationTests */ = {
			isa = PBXNativeTarget;
			buildConfigurationList = FBC9AFB3260513F6008E3231 /* Build configuration list for PBXNativeTarget "meditation-aplicationTests" */;
			buildPhases = (
				FBC9AF98260513F5008E3231 /* Sources */,
				FBC9AF99260513F5008E3231 /* Frameworks */,
				FBC9AF9A260513F5008E3231 /* Resources */,
			);
			buildRules = (
			);
			dependencies = (
				FBC9AF9E260513F5008E3231 /* PBXTargetDependency */,
			);
			name = "meditation-aplicationTests";
			productName = "meditation-aplicationTests";
			productReference = FBC9AF9C260513F5008E3231 /* meditation-aplicationTests.xctest */;
			productType = "com.apple.product-type.bundle.unit-test";
		};
		FBC9AFA6260513F6008E3231 /* meditation-aplicationUITests */ = {
			isa = PBXNativeTarget;
			buildConfigurationList = FBC9AFB6260513F6008E3231 /* Build configuration list for PBXNativeTarget "meditation-aplicationUITests" */;
			buildPhases = (
				FBC9AFA3260513F6008E3231 /* Sources */,
				FBC9AFA4260513F6008E3231 /* Frameworks */,
				FBC9AFA5260513F6008E3231 /* Resources */,
			);
			buildRules = (
			);
			dependencies = (
				FBC9AFA9260513F6008E3231 /* PBXTargetDependency */,
			);
			name = "meditation-aplicationUITests";
			productName = "meditation-aplicationUITests";
			productReference = FBC9AFA7260513F6008E3231 /* meditation-aplicationUITests.xctest */;
			productType = "com.apple.product-type.bundle.ui-testing";
		};
/* End PBXNativeTarget section */

/* Begin PBXProject section */
		FBC9AF83260513F0008E3231 /* Project object */ = {
			isa = PBXProject;
			attributes = {
				LastSwiftUpdateCheck = 1240;
				LastUpgradeCheck = 1240;
				TargetAttributes = {
					FBC9AF8A260513F0008E3231 = {
						CreatedOnToolsVersion = 12.4;
					};
					FBC9AF9B260513F5008E3231 = {
						CreatedOnToolsVersion = 12.4;
						TestTargetID = FBC9AF8A260513F0008E3231;
					};
					FBC9AFA6260513F6008E3231 = {
						CreatedOnToolsVersion = 12.4;
						TestTargetID = FBC9AF8A260513F0008E3231;
					};
				};
			};
			buildConfigurationList = FBC9AF86260513F0008E3231 /* Build configuration list for PBXProject "meditation-aplication" */;
			compatibilityVersion = "Xcode 9.3";
			developmentRegion = en;
			hasScannedForEncodings = 0;
			knownRegions = (
				en,
				Base,
			);
			mainGroup = FBC9AF82260513F0008E3231;
			productRefGroup = FBC9AF8C260513F0008E3231 /* Products */;
			projectDirPath = "";
			projectRoot = "";
			targets = (
				FBC9AF8A260513F0008E3231 /* meditation-aplication */,
				FBC9AF9B260513F5008E3231 /* meditation-aplicationTests */,
				FBC9AFA6260513F6008E3231 /* meditation-aplicationUITests */,
			);
		};
/* End PBXProject section */

/* Begin PBXResourcesBuildPhase section */
		FBC9AF89260513F0008E3231 /* Resources */ = {
			isa = PBXResourcesBuildPhase;
			buildActionMask = 2147483647;
			files = (
				FBC9AFDA2605637E008E3231 /* AlegreyaSans-Thin.ttf in Resources */,
				FBC9AFFC26056B99008E3231 /* Alegreya-SemiBoldItalic.ttf in Resources */,
				FBC9AFCE2605637E008E3231 /* AlegreyaSans-Medium.ttf in Resources */,
				FBC9AFFD26056B99008E3231 /* Alegreya-Medium.ttf in Resources */,
				FBC9AFF326056B99008E3231 /* Alegreya-ExtraBold.ttf in Resources */,
				FBC9AFF626056B99008E3231 /* Alegreya-ExtraBoldItalic.ttf in Resources */,
				FBC9AFCF2605637E008E3231 /* AlegreyaSans-ExtraBoldItalic.ttf in Resources */,
				FBC9AFFB26056B99008E3231 /* Alegreya-Regular.ttf in Resources */,
				FBC9AF93260513F5008E3231 /* Assets.xcassets in Resources */,
				FBC9AFF826056B99008E3231 /* Alegreya-BlackItalic.ttf in Resources */,
				FBC9AFF426056B99008E3231 /* Alegreya-SemiBold.ttf in Resources */,
				FBC9AFD92605637E008E3231 /* AlegreyaSans-Bold.ttf in Resources */,
				FBC9AFD02605637E008E3231 /* AlegreyaSans-ThinItalic.ttf in Resources */,
				FBC9AFD32605637E008E3231 /* AlegreyaSans-LightItalic.ttf in Resources */,
				FBC9AFD52605637E008E3231 /* AlegreyaSans-Black.ttf in Resources */,
				FBC9AFD12605637E008E3231 /* AlegreyaSans-BoldItalic.ttf in Resources */,
				FBC9AFF726056B99008E3231 /* Alegreya-Bold.ttf in Resources */,
				FBC9AFF526056B99008E3231 /* Alegreya-MediumItalic.ttf in Resources */,
				FBC9AFF926056B99008E3231 /* Alegreya-BoldItalic.ttf in Resources */,
				FBC9AFF226056B99008E3231 /* Alegreya-Italic.ttf in Resources */,
				FBC9AFD22605637E008E3231 /* AlegreyaSans-Light.ttf in Resources */,
				FBC9AFD62605637E008E3231 /* AlegreyaSans-Italic.ttf in Resources */,
				FBC9AFD42605637E008E3231 /* AlegreyaSans-Regular.ttf in Resources */,
				FBC9AFFA26056B99008E3231 /* Alegreya-Black.ttf in Resources */,
				FBC9AFCD2605637E008E3231 /* AlegreyaSans-BlackItalic.ttf in Resources */,
				FBC9AFDB2605637E008E3231 /* AlegreyaSans-MediumItalic.ttf in Resources */,
				FBC9AFD82605637E008E3231 /* AlegreyaSans-ExtraBold.ttf in Resources */,
			);
			runOnlyForDeploymentPostprocessing = 0;
		};
		FBC9AF9A260513F5008E3231 /* Resources */ = {
			isa = PBXResourcesBuildPhase;
			buildActionMask = 2147483647;
			files = (
			);
			runOnlyForDeploymentPostprocessing = 0;
		};
		FBC9AFA5260513F6008E3231 /* Resources */ = {
			isa = PBXResourcesBuildPhase;
			buildActionMask = 2147483647;
			files = (
			);
			runOnlyForDeploymentPostprocessing = 0;
		};
/* End PBXResourcesBuildPhase section */

/* Begin PBXSourcesBuildPhase section */
		FBC9AF87260513F0008E3231 /* Sources */ = {
			isa = PBXSourcesBuildPhase;
			buildActionMask = 2147483647;
			files = (
				FBC9B0142608F01E008E3231 /* OnboardingView.swift in Sources */,
				FB244DC3260BE58600044A22 /* ProfileView.swift in Sources */,
				FB244DB3260BAEC300044A22 /* SoundsView.swift in Sources */,
				FB244DAB260B8B6E00044A22 /* MainView.swift in Sources */,
				FBC9B03126093119008E3231 /* SignUpView.swift in Sources */,
				FBC9AF91260513F0008E3231 /* ContentView.swift in Sources */,
				FBC9B01F260907B4008E3231 /* LoginView.swift in Sources */,
				FB244DBB260BC38700044A22 /* SoundView.swift in Sources */,
				FBC9AF8F260513F0008E3231 /* meditation_aplicationApp.swift in Sources */,
			);
			runOnlyForDeploymentPostprocessing = 0;
		};
		FBC9AF98260513F5008E3231 /* Sources */ = {
			isa = PBXSourcesBuildPhase;
			buildActionMask = 2147483647;
			files = (
				FBC9AFA1260513F6008E3231 /* meditation_aplicationTests.swift in Sources */,
			);
			runOnlyForDeploymentPostprocessing = 0;
		};
		FBC9AFA3260513F6008E3231 /* Sources */ = {
			isa = PBXSourcesBuildPhase;
			buildActionMask = 2147483647;
			files = (
				FBC9AFAC260513F6008E3231 /* meditation_aplicationUITests.swift in Sources */,
			);
			runOnlyForDeploymentPostprocessing = 0;
		};
/* End PBXSourcesBuildPhase section */

/* Begin PBXTargetDependency section */
		FBC9AF9E260513F5008E3231 /* PBXTargetDependency */ = {
			isa = PBXTargetDependency;
			target = FBC9AF8A260513F0008E3231 /* meditation-aplication */;
			targetProxy = FBC9AF9D260513F5008E3231 /* PBXContainerItemProxy */;
		};
		FBC9AFA9260513F6008E3231 /* PBXTargetDependency */ = {
			isa = PBXTargetDependency;
			target = FBC9AF8A260513F0008E3231 /* meditation-aplication */;
			targetProxy = FBC9AFA8260513F6008E3231 /* PBXContainerItemProxy */;
		};
/* End PBXTargetDependency section */

/* Begin XCBuildConfiguration section */
		FBC9AFAE260513F6008E3231 /* Debug */ = {
			isa = XCBuildConfiguration;
			buildSettings = {
				ALWAYS_SEARCH_USER_PATHS = NO;
				CLANG_ANALYZER_NONNULL = YES;
				CLANG_ANALYZER_NUMBER_OBJECT_CONVERSION = YES_AGGRESSIVE;
				CLANG_CXX_LANGUAGE_STANDARD = "gnu++14";
				CLANG_CXX_LIBRARY = "libc++";
				CLANG_ENABLE_MODULES = YES;
				CLANG_ENABLE_OBJC_ARC = YES;
				CLANG_ENABLE_OBJC_WEAK = YES;
				CLANG_WARN_BLOCK_CAPTURE_AUTORELEASING = YES;
				CLANG_WARN_BOOL_CONVERSION = YES;
				CLANG_WARN_COMMA = YES;
				CLANG_WARN_CONSTANT_CONVERSION = YES;
				CLANG_WARN_DEPRECATED_OBJC_IMPLEMENTATIONS = YES;
				CLANG_WARN_DIRECT_OBJC_ISA_USAGE = YES_ERROR;
				CLANG_WARN_DOCUMENTATION_COMMENTS = YES;
				CLANG_WARN_EMPTY_BODY = YES;
				CLANG_WARN_ENUM_CONVERSION = YES;
				CLANG_WARN_INFINITE_RECURSION = YES;
				CLANG_WARN_INT_CONVERSION = YES;
				CLANG_WARN_NON_LITERAL_NULL_CONVERSION = YES;
				CLANG_WARN_OBJC_IMPLICIT_RETAIN_SELF = YES;
				CLANG_WARN_OBJC_LITERAL_CONVERSION = YES;
				CLANG_WARN_OBJC_ROOT_CLASS = YES_ERROR;
				CLANG_WARN_QUOTED_INCLUDE_IN_FRAMEWORK_HEADER = YES;
				CLANG_WARN_RANGE_LOOP_ANALYSIS = YES;
				CLANG_WARN_STRICT_PROTOTYPES = YES;
				CLANG_WARN_SUSPICIOUS_MOVE = YES;
				CLANG_WARN_UNGUARDED_AVAILABILITY = YES_AGGRESSIVE;
				CLANG_WARN_UNREACHABLE_CODE = YES;
				CLANG_WARN__DUPLICATE_METHOD_MATCH = YES;
				COPY_PHASE_STRIP = NO;
				DEBUG_INFORMATION_FORMAT = dwarf;
				ENABLE_STRICT_OBJC_MSGSEND = YES;
				ENABLE_TESTABILITY = YES;
				GCC_C_LANGUAGE_STANDARD = gnu11;
				GCC_DYNAMIC_NO_PIC = NO;
				GCC_NO_COMMON_BLOCKS = YES;
				GCC_OPTIMIZATION_LEVEL = 0;
				GCC_PREPROCESSOR_DEFINITIONS = (
					"DEBUG=1",
					"$(inherited)",
				);
				GCC_WARN_64_TO_32_BIT_CONVERSION = YES;
				GCC_WARN_ABOUT_RETURN_TYPE = YES_ERROR;
				GCC_WARN_UNDECLARED_SELECTOR = YES;
				GCC_WARN_UNINITIALIZED_AUTOS = YES_AGGRESSIVE;
				GCC_WARN_UNUSED_FUNCTION = YES;
				GCC_WARN_UNUSED_VARIABLE = YES;
				IPHONEOS_DEPLOYMENT_TARGET = 14.4;
				MTL_ENABLE_DEBUG_INFO = INCLUDE_SOURCE;
				MTL_FAST_MATH = YES;
				ONLY_ACTIVE_ARCH = YES;
				SDKROOT = iphoneos;
				SWIFT_ACTIVE_COMPILATION_CONDITIONS = DEBUG;
				SWIFT_OPTIMIZATION_LEVEL = "-Onone";
			};
			name = Debug;
		};
		FBC9AFAF260513F6008E3231 /* Release */ = {
			isa = XCBuildConfiguration;
			buildSettings = {
				ALWAYS_SEARCH_USER_PATHS = NO;
				CLANG_ANALYZER_NONNULL = YES;
				CLANG_ANALYZER_NUMBER_OBJECT_CONVERSION = YES_AGGRESSIVE;
				CLANG_CXX_LANGUAGE_STANDARD = "gnu++14";
				CLANG_CXX_LIBRARY = "libc++";
				CLANG_ENABLE_MODULES = YES;
				CLANG_ENABLE_OBJC_ARC = YES;
				CLANG_ENABLE_OBJC_WEAK = YES;
				CLANG_WARN_BLOCK_CAPTURE_AUTORELEASING = YES;
				CLANG_WARN_BOOL_CONVERSION = YES;
				CLANG_WARN_COMMA = YES;
				CLANG_WARN_CONSTANT_CONVERSION = YES;
				CLANG_WARN_DEPRECATED_OBJC_IMPLEMENTATIONS = YES;
				CLANG_WARN_DIRECT_OBJC_ISA_USAGE = YES_ERROR;
				CLANG_WARN_DOCUMENTATION_COMMENTS = YES;
				CLANG_WARN_EMPTY_BODY = YES;
				CLANG_WARN_ENUM_CONVERSION = YES;
				CLANG_WARN_INFINITE_RECURSION = YES;
				CLANG_WARN_INT_CONVERSION = YES;
				CLANG_WARN_NON_LITERAL_NULL_CONVERSION = YES;
				CLANG_WARN_OBJC_IMPLICIT_RETAIN_SELF = YES;
				CLANG_WARN_OBJC_LITERAL_CONVERSION = YES;
				CLANG_WARN_OBJC_ROOT_CLASS = YES_ERROR;
				CLANG_WARN_QUOTED_INCLUDE_IN_FRAMEWORK_HEADER = YES;
				CLANG_WARN_RANGE_LOOP_ANALYSIS = YES;
				CLANG_WARN_STRICT_PROTOTYPES = YES;
				CLANG_WARN_SUSPICIOUS_MOVE = YES;
				CLANG_WARN_UNGUARDED_AVAILABILITY = YES_AGGRESSIVE;
				CLANG_WARN_UNREACHABLE_CODE = YES;
				CLANG_WARN__DUPLICATE_METHOD_MATCH = YES;
				COPY_PHASE_STRIP = NO;
				DEBUG_INFORMATION_FORMAT = "dwarf-with-dsym";
				ENABLE_NS_ASSERTIONS = NO;
				ENABLE_STRICT_OBJC_MSGSEND = YES;
				GCC_C_LANGUAGE_STANDARD = gnu11;
				GCC_NO_COMMON_BLOCKS = YES;
				GCC_WARN_64_TO_32_BIT_CONVERSION = YES;
				GCC_WARN_ABOUT_RETURN_TYPE = YES_ERROR;
				GCC_WARN_UNDECLARED_SELECTOR = YES;
				GCC_WARN_UNINITIALIZED_AUTOS = YES_AGGRESSIVE;
				GCC_WARN_UNUSED_FUNCTION = YES;
				GCC_WARN_UNUSED_VARIABLE = YES;
				IPHONEOS_DEPLOYMENT_TARGET = 14.4;
				MTL_ENABLE_DEBUG_INFO = NO;
				MTL_FAST_MATH = YES;
				SDKROOT = iphoneos;
				SWIFT_COMPILATION_MODE = wholemodule;
				SWIFT_OPTIMIZATION_LEVEL = "-O";
				VALIDATE_PRODUCT = YES;
			};
			name = Release;
		};
		FBC9AFB1260513F6008E3231 /* Debug */ = {
			isa = XCBuildConfiguration;
			buildSettings = {
				ASSETCATALOG_COMPILER_APPICON_NAME = AppIcon;
				ASSETCATALOG_COMPILER_GLOBAL_ACCENT_COLOR_NAME = AccentColor;
				CODE_SIGN_STYLE = Automatic;
				DEVELOPMENT_ASSET_PATHS = "\"meditation-aplication/Preview Content\"";
				DEVELOPMENT_TEAM = H9JXH336V5;
				ENABLE_PREVIEWS = YES;
				INFOPLIST_FILE = "meditation-aplication/Info.plist";
				IPHONEOS_DEPLOYMENT_TARGET = 14.0;
				LD_RUNPATH_SEARCH_PATHS = (
					"$(inherited)",
					"@executable_path/Frameworks",
				);
				PRODUCT_BUNDLE_IDENTIFIER = "com.ronaldodev.meditation-aplication";
				PRODUCT_NAME = "$(TARGET_NAME)";
				SWIFT_VERSION = 5.0;
				TARGETED_DEVICE_FAMILY = "1,2";
			};
			name = Debug;
		};
		FBC9AFB2260513F6008E3231 /* Release */ = {
			isa = XCBuildConfiguration;
			buildSettings = {
				ASSETCATALOG_COMPILER_APPICON_NAME = AppIcon;
				ASSETCATALOG_COMPILER_GLOBAL_ACCENT_COLOR_NAME = AccentColor;
				CODE_SIGN_STYLE = Automatic;
				DEVELOPMENT_ASSET_PATHS = "\"meditation-aplication/Preview Content\"";
				DEVELOPMENT_TEAM = H9JXH336V5;
				ENABLE_PREVIEWS = YES;
				INFOPLIST_FILE = "meditation-aplication/Info.plist";
				IPHONEOS_DEPLOYMENT_TARGET = 14.0;
				LD_RUNPATH_SEARCH_PATHS = (
					"$(inherited)",
					"@executable_path/Frameworks",
				);
				PRODUCT_BUNDLE_IDENTIFIER = "com.ronaldodev.meditation-aplication";
				PRODUCT_NAME = "$(TARGET_NAME)";
				SWIFT_VERSION = 5.0;
				TARGETED_DEVICE_FAMILY = "1,2";
			};
			name = Release;
		};
		FBC9AFB4260513F6008E3231 /* Debug */ = {
			isa = XCBuildConfiguration;
			buildSettings = {
				ALWAYS_EMBED_SWIFT_STANDARD_LIBRARIES = YES;
				BUNDLE_LOADER = "$(TEST_HOST)";
				CODE_SIGN_STYLE = Automatic;
				DEVELOPMENT_TEAM = H9JXH336V5;
				INFOPLIST_FILE = "meditation-aplicationTests/Info.plist";
				IPHONEOS_DEPLOYMENT_TARGET = 14.0;
				LD_RUNPATH_SEARCH_PATHS = (
					"$(inherited)",
					"@executable_path/Frameworks",
					"@loader_path/Frameworks",
				);
				PRODUCT_BUNDLE_IDENTIFIER = "com.ronaldodev.meditation-aplicationTests";
				PRODUCT_NAME = "$(TARGET_NAME)";
				SWIFT_VERSION = 5.0;
				TARGETED_DEVICE_FAMILY = "1,2";
				TEST_HOST = "$(BUILT_PRODUCTS_DIR)/meditation-aplication.app/meditation-aplication";
			};
			name = Debug;
		};
		FBC9AFB5260513F6008E3231 /* Release */ = {
			isa = XCBuildConfiguration;
			buildSettings = {
				ALWAYS_EMBED_SWIFT_STANDARD_LIBRARIES = YES;
				BUNDLE_LOADER = "$(TEST_HOST)";
				CODE_SIGN_STYLE = Automatic;
				DEVELOPMENT_TEAM = H9JXH336V5;
				INFOPLIST_FILE = "meditation-aplicationTests/Info.plist";
				IPHONEOS_DEPLOYMENT_TARGET = 14.0;
				LD_RUNPATH_SEARCH_PATHS = (
					"$(inherited)",
					"@executable_path/Frameworks",
					"@loader_path/Frameworks",
				);
				PRODUCT_BUNDLE_IDENTIFIER = "com.ronaldodev.meditation-aplicationTests";
				PRODUCT_NAME = "$(TARGET_NAME)";
				SWIFT_VERSION = 5.0;
				TARGETED_DEVICE_FAMILY = "1,2";
				TEST_HOST = "$(BUILT_PRODUCTS_DIR)/meditation-aplication.app/meditation-aplication";
			};
			name = Release;
		};
		FBC9AFB7260513F6008E3231 /* Debug */ = {
			isa = XCBuildConfiguration;
			buildSettings = {
				ALWAYS_EMBED_SWIFT_STANDARD_LIBRARIES = YES;
				CODE_SIGN_STYLE = Automatic;
				DEVELOPMENT_TEAM = H9JXH336V5;
				INFOPLIST_FILE = "meditation-aplicationUITests/Info.plist";
				LD_RUNPATH_SEARCH_PATHS = (
					"$(inherited)",
					"@executable_path/Frameworks",
					"@loader_path/Frameworks",
				);
				PRODUCT_BUNDLE_IDENTIFIER = "com.ronaldodev.meditation-aplicationUITests";
				PRODUCT_NAME = "$(TARGET_NAME)";
				SWIFT_VERSION = 5.0;
				TARGETED_DEVICE_FAMILY = "1,2";
				TEST_TARGET_NAME = "meditation-aplication";
			};
			name = Debug;
		};
		FBC9AFB8260513F6008E3231 /* Release */ = {
			isa = XCBuildConfiguration;
			buildSettings = {
				ALWAYS_EMBED_SWIFT_STANDARD_LIBRARIES = YES;
				CODE_SIGN_STYLE = Automatic;
				DEVELOPMENT_TEAM = H9JXH336V5;
				INFOPLIST_FILE = "meditation-aplicationUITests/Info.plist";
				LD_RUNPATH_SEARCH_PATHS = (
					"$(inherited)",
					"@executable_path/Frameworks",
					"@loader_path/Frameworks",
				);
				PRODUCT_BUNDLE_IDENTIFIER = "com.ronaldodev.meditation-aplicationUITests";
				PRODUCT_NAME = "$(TARGET_NAME)";
				SWIFT_VERSION = 5.0;
				TARGETED_DEVICE_FAMILY = "1,2";
				TEST_TARGET_NAME = "meditation-aplication";
			};
			name = Release;
		};
/* End XCBuildConfiguration section */

/* Begin XCConfigurationList section */
		FBC9AF86260513F0008E3231 /* Build configuration list for PBXProject "meditation-aplication" */ = {
			isa = XCConfigurationList;
			buildConfigurations = (
				FBC9AFAE260513F6008E3231 /* Debug */,
				FBC9AFAF260513F6008E3231 /* Release */,
			);
			defaultConfigurationIsVisible = 0;
			defaultConfigurationName = Release;
		};
		FBC9AFB0260513F6008E3231 /* Build configuration list for PBXNativeTarget "meditation-aplication" */ = {
			isa = XCConfigurationList;
			buildConfigurations = (
				FBC9AFB1260513F6008E3231 /* Debug */,
				FBC9AFB2260513F6008E3231 /* Release */,
			);
			defaultConfigurationIsVisible = 0;
			defaultConfigurationName = Release;
		};
		FBC9AFB3260513F6008E3231 /* Build configuration list for PBXNativeTarget "meditation-aplicationTests" */ = {
			isa = XCConfigurationList;
			buildConfigurations = (
				FBC9AFB4260513F6008E3231 /* Debug */,
				FBC9AFB5260513F6008E3231 /* Release */,
			);
			defaultConfigurationIsVisible = 0;
			defaultConfigurationName = Release;
		};
		FBC9AFB6260513F6008E3231 /* Build configuration list for PBXNativeTarget "meditation-aplicationUITests" */ = {
			isa = XCConfigurationList;
			buildConfigurations = (
				FBC9AFB7260513F6008E3231 /* Debug */,
				FBC9AFB8260513F6008E3231 /* Release */,
			);
			defaultConfigurationIsVisible = 0;
			defaultConfigurationName = Release;
		};
/* End XCConfigurationList section */
	};
	rootObject = FBC9AF83260513F0008E3231 /* Project object */;
}
